
Microsoft Visual Studio Solution File, Format Version 12.00
# Visual Studio Version 17
VisualStudioVersion = 17.1.32210.238
MinimumVisualStudioVersion = 10.0.40219.1
Project("{FAE04EC0-301F-11D3-BF4B-00C04F79EFBC}") = "modul7_1302204082", "modul7_1302204082\modul7_1302204082.csproj", "{65246950-124D-4861-ABA8-2C2B765233A8}"
EndProject
Global
	GlobalSection(SolutionConfigurationPlatforms) = preSolution
		Debug|Any CPU = Debug|Any CPU
		Release|Any CPU = Release|Any CPU
	EndGlobalSection
	GlobalSection(ProjectConfigurationPlatforms) = postSolution
		{65246950-124D-4861-ABA8-2C2B765233A8}.Debug|Any CPU.ActiveCfg = Debug|Any CPU
		{65246950-124D-4861-ABA8-2C2B765233A8}.Debug|Any CPU.Build.0 = Debug|Any CPU
		{65246950-124D-4861-ABA8-2C2B765233A8}.Release|Any CPU.ActiveCfg = Release|Any CPU
		{65246950-124D-4861-ABA8-2C2B765233A8}.Release|Any CPU.Build.0 = Release|Any CPU
	EndGlobalSection
	GlobalSection(SolutionProperties) = preSolution
		HideSolutionNode = FALSE
	EndGlobalSection
	GlobalSection(ExtensibilityGlobals) = postSolution
		SolutionGuid = {8ABA0D32-262D-4DDA-92DE-51A2B518EF96}
	EndGlobalSection
EndGlobal
